filippo.io/edwards25519 v1.2.0 h1:crnVqOiS4jqYleHd9vaKZ+HKtHfllngJIiOpNpoJsjo=
filippo.io/edwards25519 v1.2.0/go.mod h1:xzAOLCNug/yB62zG1bQ8uziwrIqIuxhctzJT18Q77mc=
github.com/JohnCGriffin/overflow v0.0.0-20211019200055-46fa312c352c h1:RGWPOewvKIROun94nF7v2cua9qP+thov/7M50KEoeSU=
github.com/JohnCGriffin/overflow v0.0.0-20211019200055-46fa312c352c/go.mod h1:X0CRv0ky0k6m906ixxpzmDRLvX58TFUKS2eePweuyxk=
github.com/alecthomas/assert/v2 v2.11.0 h1:2Q9r3ki8+JYXvGsDyBXwH3LcJ+WK5D0gc5E8vS6K3D0=
github.com/alecthomas/assert/v2 v2.11.0/go.mod h1:Bze95FyfUr7x34QZrjL+XP+0qgp/zg8yS+TtBj1WA3k=
github.com/alecthomas/kong v1.16.1 h1:ixhCt93XkJ98kGposQ54+bl0IK6XwqB40AsMynU7Z8E=
github.com/alecthomas/kong v1.16.1/go.mod h1:wrlbXem1CWqUV5Vbmss5ISYhsVPkBb1Yo7YKJghju2I=
github.com/alecthomas/repr v0.5.2 h1:SU73FTI9D1P5UNtvseffFSGmdNci/O6RsqzeXJtP0Qs=
github.com/alecthomas/repr v0.5.2/go.mod h1:Fr0507jx4eOXV7AlPV6AVZLYrLIuIeSOWtW57eE/O/4=
github.com/andybalholm/brotli v1.1.1 h1:PR2pgnyFznKEugtsUo0xLdDop5SKXd5Qf5ysW+7XdTA=
github.com/andybalholm/brotli v1.1.1/go.mod h1:05ib4cKhjx3OQYUY22hTVd34Bc8upXjOLL2rKwwZBoA=
github.com/apache/arrow-go/v18 v18.1.0 h1:agLwJUiVuwXZdwPYVrlITfx7bndULJ/dggbnLFgDp/Y=
github.com/apache/arrow-go/v18 v18.1.0/go.mod h1:tigU/sIgKNXaesf5d7Y95jBBKS5KsxTqYBKXFsvKzo0=
github.com/apache/thrift v0.21.0 h1:tdPmh/ptjE1IJnhbhrcl2++TauVjy242rkV/UzJChnE=
github.com/apache/thrift v0.21.0/go.mod h1:W1H8aR/QRtYNvrPeFXBtobyRkd0/YVhTc6i07XIAgDw=
github.com/aws/aws-sdk-go-v2 v1.33.0 h1:Evgm4DI9imD81V0WwD+TN4DCwjUMdc94TrduMLbgZJs=
github.com/aws/aws-sdk-go-v2 v1.33.0/go.mod h1:P5WJBrYqqbWVaOxgH0X/FYYD47/nooaPOZPlQdmiN2U=
github.com/aws/aws-sdk-go-v2/aws/protocol/eventstream v1.6.7 h1:lL7IfaFzngfx0ZwUGOZdsFFnQ5uLvR0hWqqhyE7Q9M8=
github.com/aws/aws-sdk-go-v2/aws/protocol/eventstream v1.6.7/go.mod h1:QraP0UcVlQJsmHfioCrveWOC1nbiWUl3ej08h4mXWoc=
github.com/aws/aws-sdk-go-v2/config v1.29.1 h1:JZhGawAyZ/EuJeBtbQYnaoftczcb2drR2Iq36Wgz4sQ=
github.com/aws/aws-sdk-go-v2/config v1.29.1/go.mod h1:7bR2YD5euaxBhzt2y/oDkt3uNRb6tjFp98GlTFueRwk=
github.com/aws/aws-sdk-go-v2/credentials v1.17.54 h1:4UmqeOqJPvdvASZWrKlhzpRahAulBfyTJQUaYy4+hEI=
github.com/aws/aws-sdk-go-v2/credentials v1.17.54/go.mod h1:RTdfo0P0hbbTxIhmQrOsC/PquBZGabEPnCaxxKRPSnI=
github.com/aws/aws-sdk-go-v2/feature/ec2/imds v1.16.24 h1:5grmdTdMsovn9kPZPI23Hhvp0ZyNm5cRO+IZFIYiAfw=
github.com/aws/aws-sdk-go-v2/feature/ec2/imds v1.16.24/go.mod h1:zqi7TVKTswH3Ozq28PkmBmgzG1tona7mo9G2IJg4Cis=
github.com/aws/aws-sdk-go-v2/internal/configsources v1.3.28 h1:igORFSiH3bfq4lxKFkTSYDhJEUCYo6C8VKiWJjYwQuQ=
github.com/aws/aws-sdk-go-v2/internal/configsources v1.3.28/go.mod h1:3So8EA/aAYm36L7XIvCVwLa0s5N0P7o2b1oqnx/2R4g=
github.com/aws/aws-sdk-go-v2/internal/endpoints/v2 v2.6.28 h1:1mOW9zAUMhTSrMDssEHS/ajx8JcAj/IcftzcmNlmVLI=
github.com/aws/aws-sdk-go-v2/internal/endpoints/v2 v2.6.28/go.mod h1:kGlXVIWDfvt2Ox5zEaNglmq0hXPHgQFNMix33Tw22jA=
github.com/aws/aws-sdk-go-v2/internal/ini v1.8.1 h1:VaRN3TlFdd6KxX1x3ILT5ynH6HvKgqdiXoTxAF4HQcQ=
github.com/aws/aws-sdk-go-v2/internal/ini v1.8.1/go.mod h1:FbtygfRFze9usAadmnGJNc8KsP346kEe+y2/oyhGAGc=
github.com/aws/aws-sdk-go-v2/internal/v4a v1.3.28 h1:7kpeALOUeThs2kEjlAxlADAVfxKmkYAedlpZ3kdoSJ4=
github.com/aws/aws-sdk-go-v2/internal/v4a v1.3.28/go.mod h1:pyaOYEdp1MJWgtXLy6q80r3DhsVdOIOZNB9hdTcJIvI=
github.com/aws/aws-sdk-go-v2/service/internal/accept-encoding v1.12.1 h1:iXtILhvDxB6kPvEXgsDhGaZCSC6LQET5ZHSdJozeI0Y=
github.com/aws/aws-sdk-go-v2/service/internal/accept-encoding v1.12.1/go.mod h1:9nu0fVANtYiAePIBh2/pFUSwtJ402hLnp854CNoDOeE=
github.com/aws/aws-sdk-go-v2/service/internal/checksum v1.5.2 h1:e6um6+DWYQP1XCa+E9YVtG/9v1qk5lyAOelMOVwSyO8=
github.com/aws/aws-sdk-go-v2/service/internal/checksum v1.5.2/go.mod h1:dIW8puxSbYLSPv/ju0d9A3CpwXdtqvJtYKDMVmPLOWE=
github.com/aws/aws-sdk-go-v2/service/internal/presigned-url v1.12.9 h1:TQmKDyETFGiXVhZfQ/I0cCFziqqX58pi4tKJGYGFSz0=
github.com/aws/aws-sdk-go-v2/service/internal/presigned-url v1.12.9/go.mod h1:HVLPK2iHQBUx7HfZeOQSEu3v2ubZaAY2YPbAm5/WUyY=
github.com/aws/aws-sdk-go-v2/service/internal/s3shared v1.18.9 h1:2aInXbh02XsbO0KobPGMNXyv2QP73VDKsWPNJARj/+4=
github.com/aws/aws-sdk-go-v2/service/internal/s3shared v1.18.9/go.mod h1:dgXS1i+HgWnYkPXqNoPIPKeUsUUYHaUbThC90aDnNiE=
github.com/aws/aws-sdk-go-v2/service/s3 v1.73.2 h1:F3h8VYq9ZLBXYurmwrT8W0SPhgCcU0q+0WZJfT1dFt0=
github.com/aws/aws-sdk-go-v2/service/s3 v1.73.2/go.mod h1:jGJ/v7FIi7Ys9t54tmEFnrxuaWeJLpwNgKp2DXAVhOU=
github.com/aws/aws-sdk-go-v2/service/sso v1.24.11 h1:kuIyu4fTT38Kj7YCC7ouNbVZSSpqkZ+LzIfhCr6Dg+I=
github.com/aws/aws-sdk-go-v2/service/sso v1.24.11/go.mod h1:Ro744S4fKiCCuZECXgOi760TiYylUM8ZBf6OGiZzJtY=
github.com/aws/aws-sdk-go-v2/service/ssooidc v1.28.10 h1:l+dgv/64iVlQ3WsBbnn+JSbkj01jIi+SM0wYsj3y/hY=
github.com/aws/aws-sdk-go-v2/service/ssooidc v1.28.10/go.mod h1:Fzsj6lZEb8AkTE5S68OhcbBqeWPsR8RnGuKPr8Todl8=
github.com/aws/aws-sdk-go-v2/service/sts v1.33.9 h1:BRVDbewN6VZcwr+FBOszDKvYeXY1kJ+GGMCcpghlw0U=
github.com/aws/aws-sdk-go-v2/service/sts v1.33.9/go.mod h1:f6vjfZER1M17Fokn0IzssOTMT2N8ZSq+7jnNF0tArvw=
github.com/aws/smithy-go v1.22.1 h1:/HPHZQ0g7f4eUeK6HKglFz8uwVfZKgoI25rb/J+dnro=
github.com/aws/smithy-go v1.22.1/go.mod h1:irrKGvNn1InZwb2d7fkIRNucdfwR8R+Ts3wxYa/cJHg=
github.com/block/mysql v0.0.0-20260906224346-ee0a93fe50d6 h1:GvubwsqXHanJkhBotCs4XdEmSnwzhHQe7DVGrn+NFok=
github.com/block/mysql v0.0.0-20260906224346-ee0a93fe50d6/go.mod h1:KEo73lbxXs9cFlq+x3Z35UqGg3MTxAPfjDOR/ob/iik=
github.com/block/spirit v0.17.1-0.20260919205507-7d229daeef76 h1:8AV3U4XgBVag3Xx0gd7++feNLbt3nkfdBaEuZl5rL0I=
github.com/block/spirit v0.17.1-0.20260919205507-7d229daeef76/go.mod h1:iALC+OVfFyfxW8QfW3NSYcKqqQjyHZ664Z/fAMqKk3A=
github.com/davecgh/go-spew v1.1.0/go.mod h1:J7Y8YcW2NihsgmVo/mv3lAwl/skON4iLHjSsI+c5H38=
github.com/davecgh/go-spew v1.1.1/go.mod h1:J7Y8YcW2NihsgmVo/mv3lAwl/skON4iLHjSsI+c5H38=
github.com/go-logr/logr v1.4.2 h1:6pFjapn8bFcIbiKo3XT4j/BhANplGihG6tvd+8rYgrY=
github.com/go-logr/logr v1.4.2/go.mod h1:9T104GzyrTigFIr8wt5mBrctHMim0Nb2HLGrmQ40KvY=
github.com/go-logr/stdr v1.2.2 h1:hSWxHoqTgW2S2qGc0LTAI563KZ5YKYRhT3MFKZMbjag=
github.com/go-logr/stdr v1.2.2/go.mod h1:mMo/vtBO5dYbehREoey6XUKy/eSumjCCveDpRre4VKE=
github.com/goccy/go-json v0.10.6 h1:p8HrPJzOakx/mn/bQtjgNjdTcN+/S6FcG2CTtQOrHVU=
github.com/goccy/go-json v0.10.6/go.mod h1:oq7eo15ShAhp70Anwd5lgX2pLfOS3QCiwU/PULtXL6M=
github.com/golang/protobuf v1.5.4 h1:i7eJL8qZTpSEXOPTxNKhASYpMn+8e5Q6AdndVa1dWek=
github.com/golang/protobuf v1.5.4/go.mod h1:lnTiLA8Wa4RWRcIUkrtSVa5nRhsEGBg48fD6rSs7xps=
github.com/golang/snappy v0.0.4 h1:yAGX7huGHXlcLOEtBnF4w7FQwA26wojNCwOYAEhLjQM=
github.com/golang/snappy v0.0.4/go.mod h1:/XxbfmMg8lxefKM7IXC3fBNl/7bRcc72aCRzEWrmP2Q=
github.com/google/flatbuffers v24.12.23+incompatible h1:ubBKR94NR4pXUCY/MUsRVzd9umNW7ht7EG9hHfS9FX8=
github.com/google/flatbuffers v24.12.23+incompatible/go.mod h1:1AeVuKshWv4vARoZatz6mlQ0JxURH0Kv5+zNeJKJCa8=
github.com/google/go-cmp v0.6.0 h1:ofyhxvXcZhMsU5ulbFiLKl/XBFqE1GSq7atu8tAmTRI=
github.com/google/go-cmp v0.6.0/go.mod h1:17dUlkBOakJ0+DkrSSNjCkIjxS6bF9zb3elmeNGIjoY=
github.com/google/uuid v1.6.0 h1:NIvaJDMOsjHA8n1jAhLSgzrAzy1Hgr+hNrb57e+94F0=
github.com/google/uuid v1.6.0/go.mod h1:TIyPZe4MgqvfeYDBFedMoGGpEw/LqOeaOT+nhxU+yHo=
github.com/hexops/gotextdiff v1.0.3 h1:gitA9+qJrrTCsiCl7+kh75nPqQt1cx4ZkudSTLoUqJM=
github.com/hexops/gotextdiff v1.0.3/go.mod h1:pSWU5MAI3yDq+fZBTazCSJysOMbxWL1BSow5/V2vxeg=
github.com/klauspost/asmfmt v1.3.2 h1:4Ri7ox3EwapiOjCki+hw14RyKk201CN4rzyCJRFLpK4=
github.com/klauspost/asmfmt v1.3.2/go.mod h1:AG8TuvYojzulgDAMCnYn50l/5QV3Bs/tp6j0HLHbNSE=
github.com/klauspost/compress v1.18.6 h1:2jupLlAwFm95+YDR+NwD2MEfFO9d4z4Prjl1XXDjuao=
github.com/klauspost/compress v1.18.6/go.mod h1:cwPg85FWrGar70rWktvGQj8/hthj3wpl0PGDogxkrSQ=
github.com/klauspost/cpuid/v2 v2.2.9 h1:66ze0taIn2H33fBvCkXuv9BmCwDfafmiIVpKV9kKGuY=
github.com/klauspost/cpuid/v2 v2.2.9/go.mod h1:rqkxqrZ1EhYM9G+hXH7YdowN5R5RGN6NK4QwQ3WMXF8=
github.com/minio/asm2plan9s v0.0.0-20200509001527-cdd76441f9d8 h1:AMFGa4R4MiIpspGNG7Z948v4n35fFGB3RR3G/ry4FWs=
github.com/minio/asm2plan9s v0.0.0-20200509001527-cdd76441f9d8/go.mod h1:mC1jAcsrzbxHt8iiaC+zU4b1ylILSosueou12R++wfY=
github.com/minio/c2goasm v0.0.0-20190812172519-36a3d3bbc4f3 h1:+n/aFZefKZp7spd8DFdX7uMikMLXX4oubIzJF4kv/wI=
github.com/minio/c2goasm v0.0.0-20190812172519-36a3d3bbc4f3/go.mod h1:RagcQ7I8IeTMnF8JTXieKnO4Z6JCsikNEzj0DwauVzE=
github.com/pierrec/lz4/v4 v4.1.22 h1:cKFw6uJDK+/gfw5BcDL0JL5aBsAFdsIT18eRtLj7VIU=
github.com/pierrec/lz4/v4 v4.1.22/go.mod h1:gZWDp/Ze/IJXGXf23ltt2EXimqmTUXEy0GFuRQyBid4=
github.com/pmezard/go-difflib v1.0.0/go.mod h1:iKH77koFhYxTK1pcRnkKkqfTogsbg7gZNVY4sRDYZ/4=
github.com/siddontang/loggers v1.0.3 h1:UzEq/9uIvze+OnZsI50FZi9q79HUaRWcD3ZuIWIOu6Y=
github.com/siddontang/loggers v1.0.3/go.mod h1:22jUdLiNuifMxKFmskmzVNGx0WdprmNctzWgn0KDrCU=
github.com/sirupsen/logrus v1.9.3 h1:dueUQJ1C2q9oE3F7wvmSGAaVtTmUizReu6fjN8uqzbQ=
github.com/sirupsen/logrus v1.9.3/go.mod h1:naHLuLoDiP4jHNo9R0sCBMtWGeIprob74mVsIT4qYEQ=
github.com/stretchr/objx v0.1.0/go.mod h1:HFkY916IF+rwdDfMAkV7OtwuqBVzrE8GR6GFx+wExME=
github.com/stretchr/objx v0.5.3 h1:jmXUvGomnU1o3W/V5h2VEradbpJDwGrzugQQvL0POH4=
github.com/stretchr/objx v0.5.3/go.mod h1:rDQraq+vQZU7Fde9LOZLr8Tax6zZvy4kuNKF+QYS+U0=
github.com/stretchr/testify v1.7.0/go.mod h1:6Fq8oRcR53rry900zMqJjRRixrwX3KX962/h/Wwjteg=
github.com/stretchr/testify v1.12.1 h1:EuwCh5fleGS7H32xRwO3wRGT7DxrDhLAT6FF8MpWDWE=
github.com/stretchr/testify v1.12.1/go.mod h1:MDEgiDPPsNp5cuIrHPPCyornHKgEVbtFUmoNlxoYthg=
github.com/xyproto/randomstring v1.0.5 h1:YtlWPoRdgMu3NZtP45drfy1GKoojuR7hmRcnhZqKjWU=
github.com/xyproto/randomstring v1.0.5/go.mod h1:rgmS5DeNXLivK7YprL0pY+lTuhNQW3iGxZ18UQApw/E=
github.com/zeebo/assert v1.3.0 h1:g7C04CbJuIDKNPFHmsk4hwZDO5O+kntRxzaUoNXj+IQ=
github.com/zeebo/assert v1.3.0/go.mod h1:Pq9JiuJQpG8JLJdtkwrJESF0Foym2/D9XMU5ciN/wJ0=
github.com/zeebo/xxh3 v1.0.2 h1:xZmwmqxHZA8AI603jOQ0tMqmBr9lPeFwGg6d+xy9DC0=
github.com/zeebo/xxh3 v1.0.2/go.mod h1:5NWz9Sef7zIDm2JHfFlcQvNekmcEl9ekUZQQKCYaDcA=
go.opentelemetry.io/otel v1.31.0 h1:NsJcKPIW0D0H3NgzPDHmo0WW6SptzPdqg/L1zsIm2hY=
go.opentelemetry.io/otel v1.31.0/go.mod h1:O0C14Yl9FgkjqcCZAsE053C13OaddMYr/hz6clDkEJE=
go.opentelemetry.io/otel/metric v1.31.0 h1:FSErL0ATQAmYHUIzSezZibnyVlft1ybhy4ozRPcF2fE=
go.opentelemetry.io/otel/metric v1.31.0/go.mod h1:C3dEloVbLuYoX41KpmAhOqNriGbA+qqH6PQ5E5mUfnY=
go.opentelemetry.io/otel/sdk v1.31.0 h1:xLY3abVHYZ5HSfOg3l2E5LUj2Cwva5Y7yGxnSW9H5Gk=
go.opentelemetry.io/otel/sdk v1.31.0/go.mod h1:TfRbMdhvxIIr/B2N2LQW2S5v9m3gOQ/08KsbbO5BPT0=
go.opentelemetry.io/otel/sdk/metric v1.31.0 h1:i9hxxLJF/9kkvfHppyLL55aW7iIJz4JjxTeYusH7zMc=
go.opentelemetry.io/otel/sdk/metric v1.31.0/go.mod h1:CRInTMVvNhUKgSAMbKyTMxqOBC0zgyxzW55lZzX43Y8=
go.opentelemetry.io/otel/trace v1.31.0 h1:ffjsj1aRouKewfr85U2aGagJ46+MvodynlQ1HYdmJys=
go.opentelemetry.io/otel/trace v1.31.0/go.mod h1:TXZkRk7SM2ZQLtR6eoAWQFIHPvzQ06FJAsO1tJg480A=
go.uber.org/goleak v1.3.0 h1:2K3zAYmnTNqV73imy9J1T3WC+gmCePx2hEGkimedGto=
go.uber.org/goleak v1.3.0/go.mod h1:CoHD4mav9JJNrW/WLlf7HGZPjdw8EucARQHekz1X6bE=
go.yaml.in/yaml/v3 v3.0.5 h1:N6y/pJk8buWs9NY5ERU2HSMfm+IuD/OtfdAnq6kESPw=
go.yaml.in/yaml/v3 v3.0.5/go.mod h1:HVTZu1O7/Vkt2N+BFy8Zza+lnLsABggaTM2ZpNIGuKg=
golang.org/x/exp v0.0.0-20240909161429-701f63a606c0 h1:e66Fs6Z+fZTbFBAxKfP3PALWBtpfqks2bwGcexMxgtk=
golang.org/x/exp v0.0.0-20240909161429-701f63a606c0/go.mod h1:2TbTHSBQa924w8M6Xs1QcRcFwyucIwBGpK1p2f1YFFY=
golang.org/x/mod v0.38.0 h1:MECBjubtXD7yj4HrhIUcywNaGeNVUdfVnxmPajOk4yk=
golang.org/x/mod v0.38.0/go.mod h1:V6Xz0pq8TQ3dGqVQ1FVHuelZpAL0uNhSkk9ogYP3c40=
golang.org/x/net v0.57.0 h1:K5+3DljvIuDG9/Jv9rvyMywYNFCQ9RSUY6OOTTkT+tE=
golang.org/x/net v0.57.0/go.mod h1:KpXc8iv+r3XplLAG/f7Jsf9RPszJzdR0f58q9vGOuEU=
golang.org/x/sync v0.23.0 h1:KameEIfc1IkluZyXWLn39Wd4tURc6GbCiISGiZm2bQk=
golang.org/x/sync v0.23.0/go.mod h1:sUUOizhqBxiL6pEWpqNLUiaJn1ShEbZ6BBqskPbjZm0=
golang.org/x/sys v0.0.0-20220715151400-c0bba94af5f8/go.mod h1:oPkhp1MJrh7nUepCBck5+mAzfO9JrbApNNgaTdGDITg=
golang.org/x/sys v0.47.0 h1:o7XGOvZQCADBQQ4Y7VNq2dRWQR7JmOUW8Kxx4ZsNgWs=
golang.org/x/sys v0.47.0/go.mod h1:4GL1E5IUh+htKOUEOaiffhrAeqysfVGipDYzABqnCmw=
golang.org/x/telemetry v0.0.0-20260708182218-49f421fb7959 h1:RJhm5l6Fo4rmEIcndxDllNhhf/fAx8qIm4t6A7vpm2A=
golang.org/x/telemetry v0.0.0-20260708182218-49f421fb7959/go.mod h1:LV7u5Oco+Z/g6XI7PqN+EUUUGGkEcmB1uj2ceI0fOVg=
golang.org/x/text v0.41.0 h1:vz/seA0lnX87Othu2f/0L24RcgrXD9/YFTSuGjj3rH8=
golang.org/x/text v0.41.0/go.mod h1:jvf1O8ajNzZqhSrQBPbutR/EB83Cc0CFrezNQIwbb5M=
golang.org/x/tools v0.48.0 h1:3+hClM1aLL5mjMKm5ovokw9epgRXPuu2tILgismM6RE=
golang.org/x/tools v0.48.0/go.mod h1:08xX0orndb/F7jJxGDicx061tyd5pcMto75YMAXr6lk=
golang.org/x/xerrors v0.0.0-20240903120638-7835f813f4da h1:noIWHXmPHxILtqtCOPIhSt0ABwskkZKjD3bXGnZGpNY=
golang.org/x/xerrors v0.0.0-20240903120638-7835f813f4da/go.mod h1:NDW/Ps6MPRej6fsCIbMTohpP40sJ/P/vI1MoTEGwX90=
gonum.org/v1/gonum v0.15.1 h1:FNy7N6OUZVUaWG9pTiD+jlhdQ3lMP+/LcTpJ6+a8sQ0=
gonum.org/v1/gonum v0.15.1/go.mod h1:eZTZuRFrzu5pcyjN5wJhcIhnUdNijYxX1T2IcrOGY0o=
google.golang.org/genproto/googleapis/rpc v0.0.0-20241104194629-dd2ea8efbc28 h1:XVhgTWWV3kGQlwJHR3upFWZeTsei6Oks1apkZSeonIE=
google.golang.org/genproto/googleapis/rpc v0.0.0-20241104194629-dd2ea8efbc28/go.mod h1:GX3210XPVPUjJbTUbvwI8f2IpZDMZuPJWDzDuebbviI=
google.golang.org/grpc v1.69.2 h1:U3S9QEtbXC0bYNvRtcoklF3xGtLViumSYxWykJS+7AU=
google.golang.org/grpc v1.69.2/go.mod h1:vyjdE6jLBI76dgpDojsFGNaHlxdjXN9ghpnd2o7JGZ4=
google.golang.org/protobuf v1.36.1 h1:yBPeRvTftaleIgM3PZ/WBIZ7XM/eEYAaEyCwvyjq/gk=
google.golang.org/protobuf v1.36.1/go.mod h1:9fA7Ob0pmnwhb644+1+CVWFRbNajQ6iRojtC/QF5bRE=
gopkg.in/check.v1 v0.0.0-20161208181325-20d25e280405/go.mod h1:Co6ibVJAznAaIkqp8huTwlJQCZ016jof/cbN4VW5Yz0=
gopkg.in/yaml.v3 v3.0.0-20200313102051-9f266ea9e77c/go.mod h1:K4uyk7z7BCEPqu6E+C64Yfv1cQ7kz7rIZviUmN+EgEM=
